
Microsoft Visual Studio Solution File, Format Version 12.00
# Visual Studio Version 17
VisualStudioVersion = 17.11.35312.102
MinimumVisualStudioVersion = 10.0.40219.1
Project("{FAE04EC0-301F-11D3-BF4B-00C04F79EFBC}") = "desepenno2", "desepenno2\desepenno2.csproj", "{22FC0EF2-AD21-4CA1-A3E4-FB936A5C450D}"
EndProject
Global
	GlobalSection(SolutionConfigurationPlatforms) = preSolution
		Debug|Any CPU = Debug|Any CPU
		Release|Any CPU = Release|Any CPU
	EndGlobalSection
	GlobalSection(ProjectConfigurationPlatforms) = postSolution
		{22FC0EF2-AD21-4CA1-A3E4-FB936A5C450D}.Debug|Any CPU.ActiveCfg = Debug|Any CPU
		{22FC0EF2-AD21-4CA1-A3E4-FB936A5C450D}.Debug|Any CPU.Build.0 = Debug|Any CPU
		{22FC0EF2-AD21-4CA1-A3E4-FB936A5C450D}.Release|Any CPU.ActiveCfg = Release|Any CPU
		{22FC0EF2-AD21-4CA1-A3E4-FB936A5C450D}.Release|Any CPU.Build.0 = Release|Any CPU
	EndGlobalSection
	GlobalSection(SolutionProperties) = preSolution
		HideSolutionNode = FALSE
	EndGlobalSection
	GlobalSection(ExtensibilityGlobals) = postSolution
		SolutionGuid = {C55E633E-3414-464D-B041-266A9C73154A}
	EndGlobalSection
EndGlobal
